
Microsoft Visual Studio Solution File, Format Version 12.00
# Visual Studio Version 17
VisualStudioVersion = 17.10.35027.167
MinimumVisualStudioVersion = 10.0.40219.1
Project("{FAE04EC0-301F-11D3-BF4B-00C04F79EFBC}") = "임준형_Chracter 클래스 선언하기", "임준형_Chracter 클래스 선언하기.csproj", "{135C3B59-D7CA-4082-AB2C-55E2D60D7290}"
EndProject
Global
	GlobalSection(SolutionConfigurationPlatforms) = preSolution
		Debug|Any CPU = Debug|Any CPU
		Release|Any CPU = Release|Any CPU
	EndGlobalSection
	GlobalSection(ProjectConfigurationPlatforms) = postSolution
		{135C3B59-D7CA-4082-AB2C-55E2D60D7290}.Debug|Any CPU.ActiveCfg = Debug|Any CPU
		{135C3B59-D7CA-4082-AB2C-55E2D60D7290}.Debug|Any CPU.Build.0 = Debug|Any CPU
		{135C3B59-D7CA-4082-AB2C-55E2D60D7290}.Release|Any CPU.ActiveCfg = Release|Any CPU
		{135C3B59-D7CA-4082-AB2C-55E2D60D7290}.Release|Any CPU.Build.0 = Release|Any CPU
	EndGlobalSection
	GlobalSection(SolutionProperties) = preSolution
		HideSolutionNode = FALSE
	EndGlobalSection
	GlobalSection(ExtensibilityGlobals) = postSolution
		SolutionGuid = {DB8EFB20-39FA-4580-90B1-81D115F40CDA}
	EndGlobalSection
EndGlobal
